// !$*UTF8*$!
{
	archiveVersion = 1;
	classes = {
	};
	objectVersion = 55;
	objects = {

/* Begin PBXBuildFile section */
		625A17D7276D533D00A61B40 /* MobileNetV2App.swift in Sources */ = {isa = PBXBuildFile; fileRef = 625A17D6276D533D00A61B40 /* MobileNetV2App.swift */; };
		625A17D9276D533D00A61B40 /* ContentView.swift in Sources */ = {isa = PBXBuildFile; fileRef = 625A17D8276D533D00A61B40 /* ContentView.swift */; };
		625A17DB276D533E00A61B40 /* Assets.xcassets in Resources */ = {isa = PBXBuildFile; fileRef = 625A17DA276D533E00A61B40 /* Assets.xcassets */; };
		625A17DE276D533E00A61B40 /* Preview Assets.xcassets in Resources */ = {isa = PBXBuildFile; fileRef = 625A17DD276D533E00A61B40 /* Preview Assets.xcassets */; };
		625A17E8276D538100A61B40 /* MobileNetV2.mlmodel in Sources */ = {isa = PBXBuildFile; fileRef = 625A17E7276D538100A61B40 /* MobileNetV2.mlmodel */; };
		625A17EA276D53E600A61B40 /* Result.swift in Sources */ = {isa = PBXBuildFile; fileRef = 625A17E9276D53E600A61B40 /* Result.swift */; };
		625A17EC276D557500A61B40 /* ClassifiedObject.swift in Sources */ = {isa = PBXBuildFile; fileRef = 625A17EB276D557500A61B40 /* ClassifiedObject.swift */; };
		625A17EE276D559F00A61B40 /* ClassifiedObjectModel.swift in Sources */ = {isa = PBXBuildFile; fileRef = 625A17ED276D559F00A61B40 /* ClassifiedObjectModel.swift */; };
		625A17F0276D69EC00A61B40 /* ResultCard.swift in Sources */ = {isa = PBXBuildFile; fileRef = 625A17EF276D69EC00A61B40 /* ResultCard.swift */; };
/* End PBXBuildFile section */

/* Begin PBXFileReference section */
		625A17D3276D533D00A61B40 /* MobileNetV2.app */ = {isa = PBXFileReference; explicitFileType = wrapper.application; includeInIndex = 0; path = MobileNetV2.app; sourceTree = BUILT_PRODUCTS_DIR; };
		625A17D6276D533D00A61B40 /* MobileNetV2App.swift */ = {isa = PBXFileReference; lastKnownFileType = sourcecode.swift; path = MobileNetV2App.swift; sourceTree = "<group>"; };
		625A17D8276D533D00A61B40 /* ContentView.swift */ = {isa = PBXFileReference; lastKnownFileType = sourcecode.swift; path = ContentView.swift; sourceTree = "<group>"; };
		625A17DA276D533E00A61B40 /* Assets.xcassets */ = {isa = PBXFileReference; lastKnownFileType = folder.assetcatalog; path = Assets.xcassets; sourceTree = "<group>"; };
		625A17DD276D533E00A61B40 /* Preview Assets.xcassets */ = {isa = PBXFileReference; lastKnownFileType = folder.assetcatalog; path = "Preview Assets.xcassets"; sourceTree = "<group>"; };
		625A17E7276D538100A61B40 /* MobileNetV2.mlmodel */ = {isa = PBXFileReference; lastKnownFileType = file.mlmodel; path = MobileNetV2.mlmodel; sourceTree = "<group>"; };
		625A17E9276D53E600A61B40 /* Result.swift */ = {isa = PBXFileReference; lastKnownFileType = sourcecode.swift; path = Result.swift; sourceTree = "<group>"; };
		625A17EB276D557500A61B40 /* ClassifiedObject.swift */ = {isa = PBXFileReference; lastKnownFileType = sourcecode.swift; path = ClassifiedObject.swift; sourceTree = "<group>"; };
		625A17ED276D559F00A61B40 /* ClassifiedObjectModel.swift */ = {isa = PBXFileReference; lastKnownFileType = sourcecode.swift; path = ClassifiedObjectModel.swift; sourceTree = "<group>"; };
		625A17EF276D69EC00A61B40 /* ResultCard.swift */ = {isa = PBXFileReference; lastKnownFileType = sourcecode.swift; path = ResultCard.swift; sourceTree = "<group>"; };
/* End PBXFileReference section */

/* Begin PBXFrameworksBuildPhase section */
		625A17D0276D533D00A61B40 /* Frameworks */ = {
			isa = PBXFrameworksBuildPhase;
			buildActionMask = 2147483647;
			files = (
			);
			runOnlyForDeploymentPostprocessing = 0;
		};
/* End PBXFrameworksBuildPhase section */

/* Begin PBXGroup section */
		625A17CA276D533D00A61B40 = {
			isa = PBXGroup;
			children = (
				625A17D5276D533D00A61B40 /* MobileNetV2 */,
				625A17D4276D533D00A61B40 /* Products */,
			);
			sourceTree = "<group>";
		};
		625A17D4276D533D00A61B40 /* Products */ = {
			isa = PBXGroup;
			children = (
				625A17D3276D533D00A61B40 /* MobileNetV2.app */,
			);
			name = Products;
			sourceTree = "<group>";
		};
		625A17D5276D533D00A61B40 /* MobileNetV2 */ = {
			isa = PBXGroup;
			children = (
				625A17D6276D533D00A61B40 /* MobileNetV2App.swift */,
				625A17E6276D535300A61B40 /* Views */,
				625A17E5276D534D00A61B40 /* View Models */,
				625A17E4276D534700A61B40 /* Models */,
				625A17DA276D533E00A61B40 /* Assets.xcassets */,
				625A17DC276D533E00A61B40 /* Preview Content */,
			);
			path = MobileNetV2;
			sourceTree = "<group>";
		};
		625A17DC276D533E00A61B40 /* Preview Content */ = {
			isa = PBXGroup;
			children = (
				625A17DD276D533E00A61B40 /* Preview Assets.xcassets */,
			);
			path = "Preview Content";
			sourceTree = "<group>";
		};
		625A17E4276D534700A61B40 /* Models */ = {
			isa = PBXGroup;
			children = (
				625A17EB276D557500A61B40 /* ClassifiedObject.swift */,
				625A17E9276D53E600A61B40 /* Result.swift */,
				625A17E7276D538100A61B40 /* MobileNetV2.mlmodel */,
			);
			path = Models;
			sourceTree = "<group>";
		};
		625A17E5276D534D00A61B40 /* View Models */ = {
			isa = PBXGroup;
			children = (
				625A17ED276D559F00A61B40 /* ClassifiedObjectModel.swift */,
			);
			path = "View Models";
			sourceTree = "<group>";
		};
		625A17E6276D535300A61B40 /* Views */ = {
			isa = PBXGroup;
			children = (
				625A17D8276D533D00A61B40 /* ContentView.swift */,
				625A17EF276D69EC00A61B40 /* ResultCard.swift */,
			);
			path = Views;
			sourceTree = "<group>";
		};
/* End PBXGroup section */

/* Begin PBXNativeTarget section */
		625A17D2276D533D00A61B40 /* MobileNetV2 */ = {
			isa = PBXNativeTarget;
			buildConfigurationList = 625A17E1276D533E00A61B40 /* Build configuration list for PBXNativeTarget "MobileNetV2" */;
			buildPhases = (
				625A17CF276D533D00A61B40 /* Sources */,
				625A17D0276D533D00A61B40 /* Frameworks */,
				625A17D1276D533D00A61B40 /* Resources */,
			);
			buildRules = (
			);
			dependencies = (
			);
			name = MobileNetV2;
			productName = MobileNetV2;
			productReference = 625A17D3276D533D00A61B40 /* MobileNetV2.app */;
			productType = "com.apple.product-type.application";
		};
/* End PBXNativeTarget section */

/* Begin PBXProject section */
		625A17CB276D533D00A61B40 /* Project object */ = {
			isa = PBXProject;
			attributes = {
				BuildIndependentTargetsInParallel = 1;
				LastSwiftUpdateCheck = 1320;
				LastUpgradeCheck = 1320;
				TargetAttributes = {
					625A17D2276D533D00A61B40 = {
						CreatedOnToolsVersion = 13.2;
					};
				};
			};
			buildConfigurationList = 625A17CE276D533D00A61B40 /* Build configuration list for PBXProject "MobileNetV2" */;
			compatibilityVersion = "Xcode 13.0";
			developmentRegion = en;
			hasScannedForEncodings = 0;
			knownRegions = (
				en,
				Base,
			);
			mainGroup = 625A17CA276D533D00A61B40;
			productRefGroup = 625A17D4276D533D00A61B40 /* Products */;
			projectDirPath = "";
			projectRoot = "";
			targets = (
				625A17D2276D533D00A61B40 /* MobileNetV2 */,
			);
		};
/* End PBXProject section */

/* Begin PBXResourcesBuildPhase section */
		625A17D1276D533D00A61B40 /* Resources */ = {
			isa = PBXResourcesBuildPhase;
			buildActionMask = 2147483647;
			files = (
				625A17DE276D533E00A61B40 /* Preview Assets.xcassets in Resources */,
				625A17DB276D533E00A61B40 /* Assets.xcassets in Resources */,
			);
			runOnlyForDeploymentPostprocessing = 0;
		};
/* End PBXResourcesBuildPhase section */

/* Begin PBXSourcesBuildPhase section */
		625A17CF276D533D00A61B40 /* Sources */ = {
			isa = PBXSourcesBuildPhase;
			buildActionMask = 2147483647;
			files = (
				625A17E8276D538100A61B40 /* MobileNetV2.mlmodel in Sources */,
				625A17F0276D69EC00A61B40 /* ResultCard.swift in Sources */,
				625A17D9276D533D00A61B40 /* ContentView.swift in Sources */,
				625A17EA276D53E600A61B40 /* Result.swift in Sources */,
				625A17D7276D533D00A61B40 /* MobileNetV2App.swift in Sources */,
				625A17EC276D557500A61B40 /* ClassifiedObject.swift in Sources */,
				625A17EE276D559F00A61B40 /* ClassifiedObjectModel.swift in Sources */,
			);
			runOnlyForDeploymentPostprocessing = 0;
		};
/* End PBXSourcesBuildPhase section */

/* Begin XCBuildConfiguration section */
		625A17DF276D533E00A61B40 /* Debug */ = {
			isa = XCBuildConfiguration;
			buildSettings = {
				ALWAYS_SEARCH_USER_PATHS = NO;
				CLANG_ANALYZER_NONNULL = YES;
				CLANG_ANALYZER_NUMBER_OBJECT_CONVERSION = YES_AGGRESSIVE;
				CLANG_CXX_LANGUAGE_STANDARD = "gnu++17";
				CLANG_CXX_LIBRARY = "libc++";
				CLANG_ENABLE_MODULES = YES;
				CLANG_ENABLE_OBJC_ARC = YES;
				CLANG_ENABLE_OBJC_WEAK = YES;
				CLANG_WARN_BLOCK_CAPTURE_AUTORELEASING = YES;
				CLANG_WARN_BOOL_CONVERSION = YES;
				CLANG_WARN_COMMA = YES;
				CLANG_WARN_CONSTANT_CONVERSION = YES;
				CLANG_WARN_DEPRECATED_OBJC_IMPLEMENTATIONS = YES;
				CLANG_WARN_DIRECT_OBJC_ISA_USAGE = YES_ERROR;
				CLANG_WARN_DOCUMENTATION_COMMENTS = YES;
				CLANG_WARN_EMPTY_BODY = YES;
				CLANG_WARN_ENUM_CONVERSION = YES;
				CLANG_WARN_INFINITE_RECURSION = YES;
				CLANG_WARN_INT_CONVERSION = YES;
				CLANG_WARN_NON_LITERAL_NULL_CONVERSION = YES;
				CLANG_WARN_OBJC_IMPLICIT_RETAIN_SELF = YES;
				CLANG_WARN_OBJC_LITERAL_CONVERSION = YES;
				CLANG_WARN_OBJC_ROOT_CLASS = YES_ERROR;
				CLANG_WARN_QUOTED_INCLUDE_IN_FRAMEWORK_HEADER = YES;
				CLANG_WARN_RANGE_LOOP_ANALYSIS = YES;
				CLANG_WARN_STRICT_PROTOTYPES = YES;
				CLANG_WARN_SUSPICIOUS_MOVE = YES;
				CLANG_WARN_UNGUARDED_AVAILABILITY = YES_AGGRESSIVE;
				CLANG_WARN_UNREACHABLE_CODE = YES;
				CLANG_WARN__DUPLICATE_METHOD_MATCH = YES;
				COPY_PHASE_STRIP = NO;
				DEBUG_INFORMATION_FORMAT = dwarf;
				ENABLE_STRICT_OBJC_MSGSEND = YES;
				ENABLE_TESTABILITY = YES;
				GCC_C_LANGUAGE_STANDARD = gnu11;
				GCC_DYNAMIC_NO_PIC = NO;
				GCC_NO_COMMON_BLOCKS = YES;
				GCC_OPTIMIZATION_LEVEL = 0;
				GCC_PREPROCESSOR_DEFINITIONS = (
					"DEBUG=1",
					"$(inherited)",
				);
				GCC_WARN_64_TO_32_BIT_CONVERSION = YES;
				GCC_WARN_ABOUT_RETURN_TYPE = YES_ERROR;
				GCC_WARN_UNDECLARED_SELECTOR = YES;
				GCC_WARN_UNINITIALIZED_AUTOS = YES_AGGRESSIVE;
				GCC_WARN_UNUSED_FUNCTION = YES;
				GCC_WARN_UNUSED_VARIABLE = YES;
				IPHONEOS_DEPLOYMENT_TARGET = 15.2;
				MTL_ENABLE_DEBUG_INFO = INCLUDE_SOURCE;
				MTL_FAST_MATH = YES;
				ONLY_ACTIVE_ARCH = YES;
				SDKROOT = iphoneos;
				SWIFT_ACTIVE_COMPILATION_CONDITIONS = DEBUG;
				SWIFT_OPTIMIZATION_LEVEL = "-Onone";
			};
			name = Debug;
		};
		625A17E0276D533E00A61B40 /* Release */ = {
			isa = XCBuildConfiguration;
			buildSettings = {
				ALWAYS_SEARCH_USER_PATHS = NO;
				CLANG_ANALYZER_NONNULL = YES;
				CLANG_ANALYZER_NUMBER_OBJECT_CONVERSION = YES_AGGRESSIVE;
				CLANG_CXX_LANGUAGE_STANDARD = "gnu++17";
				CLANG_CXX_LIBRARY = "libc++";
				CLANG_ENABLE_MODULES = YES;
				CLANG_ENABLE_OBJC_ARC = YES;
				CLANG_ENABLE_OBJC_WEAK = YES;
				CLANG_WARN_BLOCK_CAPTURE_AUTORELEASING = YES;
				CLANG_WARN_BOOL_CONVERSION = YES;
				CLANG_WARN_COMMA = YES;
				CLANG_WARN_CONSTANT_CONVERSION = YES;
				CLANG_WARN_DEPRECATED_OBJC_IMPLEMENTATIONS = YES;
				CLANG_WARN_DIRECT_OBJC_ISA_USAGE = YES_ERROR;
				CLANG_WARN_DOCUMENTATION_COMMENTS = YES;
				CLANG_WARN_EMPTY_BODY = YES;
				CLANG_WARN_ENUM_CONVERSION = YES;
				CLANG_WARN_INFINITE_RECURSION = YES;
				CLANG_WARN_INT_CONVERSION = YES;
				CLANG_WARN_NON_LITERAL_NULL_CONVERSION = YES;
				CLANG_WARN_OBJC_IMPLICIT_RETAIN_SELF = YES;
				CLANG_WARN_OBJC_LITERAL_CONVERSION = YES;
				CLANG_WARN_OBJC_ROOT_CLASS = YES_ERROR;
				CLANG_WARN_QUOTED_INCLUDE_IN_FRAMEWORK_HEADER = YES;
				CLANG_WARN_RANGE_LOOP_ANALYSIS = YES;
				CLANG_WARN_STRICT_PROTOTYPES = YES;
				CLANG_WARN_SUSPICIOUS_MOVE = YES;
				CLANG_WARN_UNGUARDED_AVAILABILITY = YES_AGGRESSIVE;
				CLANG_WARN_UNREACHABLE_CODE = YES;
				CLANG_WARN__DUPLICATE_METHOD_MATCH = YES;
				COPY_PHASE_STRIP = NO;
				DEBUG_INFORMATION_FORMAT = "dwarf-with-dsym";
				ENABLE_NS_ASSERTIONS = NO;
				ENABLE_STRICT_OBJC_MSGSEND = YES;
				GCC_C_LANGUAGE_STANDARD = gnu11;
				GCC_NO_COMMON_BLOCKS = YES;
				GCC_WARN_64_TO_32_BIT_CONVERSION = YES;
				GCC_WARN_ABOUT_RETURN_TYPE = YES_ERROR;
				GCC_WARN_UNDECLARED_SELECTOR = YES;
				GCC_WARN_UNINITIALIZED_AUTOS = YES_AGGRESSIVE;
				GCC_WARN_UNUSED_FUNCTION = YES;
				GCC_WARN_UNUSED_VARIABLE = YES;
				IPHONEOS_DEPLOYMENT_TARGET = 15.2;
				MTL_ENABLE_DEBUG_INFO = NO;
				MTL_FAST_MATH = YES;
				SDKROOT = iphoneos;
				SWIFT_COMPILATION_MODE = wholemodule;
				SWIFT_OPTIMIZATION_LEVEL = "-O";
				VALIDATE_PRODUCT = YES;
			};
			name = Release;
		};
		625A17E2276D533E00A61B40 /* Debug */ = {
			isa = XCBuildConfiguration;
			buildSettings = {
				ASSETCATALOG_COMPILER_APPICON_NAME = AppIcon;
				ASSETCATALOG_COMPILER_GLOBAL_ACCENT_COLOR_NAME = AccentColor;
				CODE_SIGN_STYLE = Automatic;
				CURRENT_PROJECT_VERSION = 1;
				DEVELOPMENT_ASSET_PATHS = "\"MobileNetV2/Preview Content\"";
				ENABLE_PREVIEWS = YES;
				GENERATE_INFOPLIST_FILE = YES;
				INFOPLIST_KEY_UIApplicationSceneManifest_Generation = YES;
				INFOPLIST_KEY_UIApplicationSupportsIndirectInputEvents = YES;
				INFOPLIST_KEY_UILaunchScreen_Generation = YES;
				INFOPLIST_KEY_UISupportedInterfaceOrientations_iPad = "UIInterfaceOrientationPortrait UIInterfaceOrientationPortraitUpsideDown UIInterfaceOrientationLandscapeLeft UIInterfaceOrientationLandscapeRight";
				INFOPLIST_KEY_UISupportedInterfaceOrientations_iPhone = "UIInterfaceOrientationPortrait UIInterfaceOrientationLandscapeLeft UIInterfaceOrientationLandscapeRight";
				LD_RUNPATH_SEARCH_PATHS = (
					"$(inherited)",
					"@executable_path/Frameworks",
				);
				MARKETING_VERSION = 1.0;
				PRODUCT_BUNDLE_IDENTIFIER = "Eli-Hartnett.MobileNetV2";
				PRODUCT_NAME = "$(TARGET_NAME)";
				SWIFT_EMIT_LOC_STRINGS = YES;
				SWIFT_VERSION = 5.0;
				TARGETED_DEVICE_FAMILY = "1,2";
			};
			name = Debug;
		};
		625A17E3276D533E00A61B40 /* Release */ = {
			isa = XCBuildConfiguration;
			buildSettings = {
				ASSETCATALOG_COMPILER_APPICON_NAME = AppIcon;
				ASSETCATALOG_COMPILER_GLOBAL_ACCENT_COLOR_NAME = AccentColor;
				CODE_SIGN_STYLE = Automatic;
				CURRENT_PROJECT_VERSION = 1;
				DEVELOPMENT_ASSET_PATHS = "\"MobileNetV2/Preview Content\"";
				ENABLE_PREVIEWS = YES;
				GENERATE_INFOPLIST_FILE = YES;
				INFOPLIST_KEY_UIApplicationSceneManifest_Generation = YES;
				INFOPLIST_KEY_UIApplicationSupportsIndirectInputEvents = YES;
				INFOPLIST_KEY_UILaunchScreen_Generation = YES;
				INFOPLIST_KEY_UISupportedInterfaceOrientations_iPad = "UIInterfaceOrientationPortrait UIInterfaceOrientationPortraitUpsideDown UIInterfaceOrientationLandscapeLeft UIInterfaceOrientationLandscapeRight";
				INFOPLIST_KEY_UISupportedInterfaceOrientations_iPhone = "UIInterfaceOrientationPortrait UIInterfaceOrientationLandscapeLeft UIInterfaceOrientationLandscapeRight";
				LD_RUNPATH_SEARCH_PATHS = (
					"$(inherited)",
					"@executable_path/Frameworks",
				);
				MARKETING_VERSION = 1.0;
				PRODUCT_BUNDLE_IDENTIFIER = "Eli-Hartnett.MobileNetV2";
				PRODUCT_NAME = "$(TARGET_NAME)";
				SWIFT_EMIT_LOC_STRINGS = YES;
				SWIFT_VERSION = 5.0;
				TARGETED_DEVICE_FAMILY = "1,2";
			};
			name = Release;
		};
/* End XCBuildConfiguration section */

/* Begin XCConfigurationList section */
		625A17CE276D533D00A61B40 /* Build configuration list for PBXProject "MobileNetV2" */ = {
			isa = XCConfigurationList;
			buildConfigurations = (
				625A17DF276D533E00A61B40 /* Debug */,
				625A17E0276D533E00A61B40 /* Release */,
			);
			defaultConfigurationIsVisible = 0;
			defaultConfigurationName = Release;
		};
		625A17E1276D533E00A61B40 /* Build configuration list for PBXNativeTarget "MobileNetV2" */ = {
			isa = XCConfigurationList;
			buildConfigurations = (
				625A17E2276D533E00A61B40 /* Debug */,
				625A17E3276D533E00A61B40 /* Release */,
			);
			defaultConfigurationIsVisible = 0;
			defaultConfigurationName = Release;
		};
/* End XCConfigurationList section */
	};
	rootObject = 625A17CB276D533D00A61B40 /* Project object */;
}
